
Microsoft Visual Studio Solution File, Format Version 12.00
# Visual Studio Version 16
VisualStudioVersion = 16.0.28902.138
MinimumVisualStudioVersion = 10.0.40219.1
Project("{FAE04EC0-301F-11D3-BF4B-00C04F79EFBC}") = "Parcial1-EmmanuelSuarez", "Parcial1-EmmanuelSuarez.csproj", "{FBC2BCD7-AFEF-487E-A97E-31E55F5CE37D}"
EndProject
Global
	GlobalSection(SolutionConfigurationPlatforms) = preSolution
		Debug|Any CPU = Debug|Any CPU
		Release|Any CPU = Release|Any CPU
	EndGlobalSection
	GlobalSection(ProjectConfigurationPlatforms) = postSolution
		{FBC2BCD7-AFEF-487E-A97E-31E55F5CE37D}.Debug|Any CPU.ActiveCfg = Debug|Any CPU
		{FBC2BCD7-AFEF-487E-A97E-31E55F5CE37D}.Debug|Any CPU.Build.0 = Debug|Any CPU
		{FBC2BCD7-AFEF-487E-A97E-31E55F5CE37D}.Release|Any CPU.ActiveCfg = Release|Any CPU
		{FBC2BCD7-AFEF-487E-A97E-31E55F5CE37D}.Release|Any CPU.Build.0 = Release|Any CPU
	EndGlobalSection
	GlobalSection(SolutionProperties) = preSolution
		HideSolutionNode = FALSE
	EndGlobalSection
	GlobalSection(ExtensibilityGlobals) = postSolution
		SolutionGuid = {0538B16C-71FD-43C6-A7A6-4A008FC4CC8B}
	EndGlobalSection
EndGlobal
